// !$*UTF8*$!
{
	archiveVersion = 1;
	classes = {
	};
	objectVersion = 56;
	objects = {

/* Begin PBXBuildFile section */
		5779C2442A81CEB200575FF4 /* AppDelegate.swift in Sources */ = {isa = PBXBuildFile; fileRef = 5779C2432A81CEB200575FF4 /* AppDelegate.swift */; };
		5779C2482A81CEB200575FF4 /* Main.html in Resources */ = {isa = PBXBuildFile; fileRef = 5779C2462A81CEB200575FF4 /* Main.html */; };
		5779C24E2A81CEB200575FF4 /* Script.js in Resources */ = {isa = PBXBuildFile; fileRef = 5779C24D2A81CEB200575FF4 /* Script.js */; };
		5779C2502A81CEB200575FF4 /* ViewController.swift in Sources */ = {isa = PBXBuildFile; fileRef = 5779C24F2A81CEB200575FF4 /* ViewController.swift */; };
		5779C2532A81CEB200575FF4 /* Main.storyboard in Resources */ = {isa = PBXBuildFile; fileRef = 5779C2512A81CEB200575FF4 /* Main.storyboard */; };
		5779C2612A81CEB300575FF4 /* RefermateTests.swift in Sources */ = {isa = PBXBuildFile; fileRef = 5779C2602A81CEB300575FF4 /* RefermateTests.swift */; };
		5779C26B2A81CEB300575FF4 /* RefermateUITests.swift in Sources */ = {isa = PBXBuildFile; fileRef = 5779C26A2A81CEB300575FF4 /* RefermateUITests.swift */; };
		5779C26D2A81CEB300575FF4 /* RefermateUITestsLaunchTests.swift in Sources */ = {isa = PBXBuildFile; fileRef = 5779C26C2A81CEB300575FF4 /* RefermateUITestsLaunchTests.swift */; };
		579B4D102A8D2B1E0023C03F /* checkmark.png in Resources */ = {isa = PBXBuildFile; fileRef = 579B4D0A2A8D2B1E0023C03F /* checkmark.png */; };
		579B4D112A8D2B1E0023C03F /* arrow.png in Resources */ = {isa = PBXBuildFile; fileRef = 579B4D0B2A8D2B1E0023C03F /* arrow.png */; };
		579B4D122A8D2B1E0023C03F /* refermate-logo.png in Resources */ = {isa = PBXBuildFile; fileRef = 579B4D0C2A8D2B1E0023C03F /* refermate-logo.png */; };
		579B4D132A8D2B1E0023C03F /* Style.css in Resources */ = {isa = PBXBuildFile; fileRef = 579B4D0D2A8D2B1E0023C03F /* Style.css */; };
		579B4D142A8D2B1E0023C03F /* success-img.png in Resources */ = {isa = PBXBuildFile; fileRef = 579B4D0E2A8D2B1E0023C03F /* success-img.png */; };
		579B4D152A8D2B1E0023C03F /* Icon.png in Resources */ = {isa = PBXBuildFile; fileRef = 579B4D0F2A8D2B1E0023C03F /* Icon.png */; };
		579B4D742A8D3E8C0023C03F /* Assets.xcassets in Resources */ = {isa = PBXBuildFile; fileRef = 579B4D732A8D3E8C0023C03F /* Assets.xcassets */; };
		579B4D762A8D56740023C03F /* RefermateStore.xcdatamodeld in Sources */ = {isa = PBXBuildFile; fileRef = 5779C2EC2A829A9700575FF4 /* RefermateStore.xcdatamodeld */; };
		579B4D772A8D567C0023C03F /* Entity+CoreDataProperties.swift in Sources */ = {isa = PBXBuildFile; fileRef = 5779C2F02A829B3E00575FF4 /* Entity+CoreDataProperties.swift */; };
		579B4D782A8D567C0023C03F /* Entity+CoreDataClass.swift in Sources */ = {isa = PBXBuildFile; fileRef = 5779C2EF2A829B3E00575FF4 /* Entity+CoreDataClass.swift */; };
		7A7519952BACFA0C002D82D5 /* SafariWebExtensionHandler.swift in Sources */ = {isa = PBXBuildFile; fileRef = 7A7519942BACFA0C002D82D5 /* SafariWebExtensionHandler.swift */; };
		7A7519AB2BACFA0C002D82D5 /* Refermate Extension.appex in Embed Foundation Extensions */ = {isa = PBXBuildFile; fileRef = 7A7519922BACFA0C002D82D5 /* Refermate Extension.appex */; settings = {ATTRIBUTES = (RemoveHeadersOnCopy, ); }; };
		7A751B732BAEA7F8002D82D5 /* 90f90b13a872d0d174bb.woff2 in Resources */ = {isa = PBXBuildFile; fileRef = 7A751B2F2BAEA7F7002D82D5 /* 90f90b13a872d0d174bb.woff2 */; };
		7A751B742BAEA7F8002D82D5 /* cc5663daff99e864c43d.woff2 in Resources */ = {isa = PBXBuildFile; fileRef = 7A751B302BAEA7F7002D82D5 /* cc5663daff99e864c43d.woff2 */; };
		7A751B752BAEA7F8002D82D5 /* popup.html in Resources */ = {isa = PBXBuildFile; fileRef = 7A751B312BAEA7F7002D82D5 /* popup.html */; };
		7A751B762BAEA7F8002D82D5 /* manifest.json in Resources */ = {isa = PBXBuildFile; fileRef = 7A751B322BAEA7F7002D82D5 /* manifest.json */; };
		7A751B772BAEA7F8002D82D5 /* 6ad83effd3a7afb53a15.png in Resources */ = {isa = PBXBuildFile; fileRef = 7A751B332BAEA7F7002D82D5 /* 6ad83effd3a7afb53a15.png */; };
		7A751B782BAEA7F8002D82D5 /* dc1166bf922ba14bec8d.svg in Resources */ = {isa = PBXBuildFile; fileRef = 7A751B342BAEA7F7002D82D5 /* dc1166bf922ba14bec8d.svg */; };
		7A751B792BAEA7F8002D82D5 /* 348776f0e67911f4f72e.svg in Resources */ = {isa = PBXBuildFile; fileRef = 7A751B352BAEA7F7002D82D5 /* 348776f0e67911f4f72e.svg */; };
		7A751B7A2BAEA7F8002D82D5 /* 86ea8392c20478a0d46e.woff2 in Resources */ = {isa = PBXBuildFile; fileRef = 7A751B362BAEA7F7002D82D5 /* 86ea8392c20478a0d46e.woff2 */; };
		7A751B7B2BAEA7F8002D82D5 /* ea61cbf130969ba96c8e.png in Resources */ = {isa = PBXBuildFile; fileRef = 7A751B372BAEA7F7002D82D5 /* ea61cbf130969ba96c8e.png */; };
		7A751B7C2BAEA7F8002D82D5 /* 4bc562028354f5941b42.woff2 in Resources */ = {isa = PBXBuildFile; fileRef = 7A751B382BAEA7F7002D82D5 /* 4bc562028354f5941b42.woff2 */; };
		7A751B7D2BAEA7F8002D82D5 /* background.bundle.js in Resources */ = {isa = PBXBuildFile; fileRef = 7A751B392BAEA7F7002D82D5 /* background.bundle.js */; };
		7A751B7E2BAEA7F8002D82D5 /* 558566d84fb0bd44a86c.woff2 in Resources */ = {isa = PBXBuildFile; fileRef = 7A751B3A2BAEA7F7002D82D5 /* 558566d84fb0bd44a86c.woff2 */; };
		7A751B7F2BAEA7F8002D82D5 /* 873f5272572749b65934.woff2 in Resources */ = {isa = PBXBuildFile; fileRef = 7A751B3B2BAEA7F7002D82D5 /* 873f5272572749b65934.woff2 */; };
		7A751B802BAEA7F8002D82D5 /* f97373ae92fbfbb95c50.woff2 in Resources */ = {isa = PBXBuildFile; fileRef = 7A751B3C2BAEA7F7002D82D5 /* f97373ae92fbfbb95c50.woff2 */; };
		7A751B812BAEA7F8002D82D5 /* 172d496f570e066f9014.svg in Resources */ = {isa = PBXBuildFile; fileRef = 7A751B3D2BAEA7F7002D82D5 /* 172d496f570e066f9014.svg */; };
		7A751B822BAEA7F8002D82D5 /* 3cac30d2e914848c63db.woff2 in Resources */ = {isa = PBXBuildFile; fileRef = 7A751B3E2BAEA7F7002D82D5 /* 3cac30d2e914848c63db.woff2 */; };
		7A751B832BAEA7F8002D82D5 /* 524b69ba6d9abb32f085.woff2 in Resources */ = {isa = PBXBuildFile; fileRef = 7A751B3F2BAEA7F7002D82D5 /* 524b69ba6d9abb32f085.woff2 */; };
		7A751B842BAEA7F8002D82D5 /* contentScript.bundle.js in Resources */ = {isa = PBXBuildFile; fileRef = 7A751B422BAEA7F7002D82D5 /* contentScript.bundle.js */; };
		7A751B852BAEA7F8002D82D5 /* 4b9e7d5f95a278e2d22e.woff2 in Resources */ = {isa = PBXBuildFile; fileRef = 7A751B432BAEA7F8002D82D5 /* 4b9e7d5f95a278e2d22e.woff2 */; };
		7A751B862BAEA7F8002D82D5 /* ed67b41ce63b521f3e77.svg in Resources */ = {isa = PBXBuildFile; fileRef = 7A751B442BAEA7F8002D82D5 /* ed67b41ce63b521f3e77.svg */; };
		7A751B872BAEA7F8002D82D5 /* 2230fb2acd8ec402888e.woff2 in Resources */ = {isa = PBXBuildFile; fileRef = 7A751B452BAEA7F8002D82D5 /* 2230fb2acd8ec402888e.woff2 */; };
		7A751B882BAEA7F8002D82D5 /* 85baf9766733d42bd24f.png in Resources */ = {isa = PBXBuildFile; fileRef = 7A751B472BAEA7F8002D82D5 /* 85baf9766733d42bd24f.png */; };
		7A751B892BAEA7F8002D82D5 /* 0fdfca52c4373f2137e6.svg in Resources */ = {isa = PBXBuildFile; fileRef = 7A751B482BAEA7F8002D82D5 /* 0fdfca52c4373f2137e6.svg */; };
		7A751B8A2BAEA7F8002D82D5 /* popup.bundle.js in Resources */ = {isa = PBXBuildFile; fileRef = 7A751B492BAEA7F8002D82D5 /* popup.bundle.js */; };
		7A751B8B2BAEA7F8002D82D5 /* 37a25a0d0c5d3aa200fe.svg in Resources */ = {isa = PBXBuildFile; fileRef = 7A751B4A2BAEA7F8002D82D5 /* 37a25a0d0c5d3aa200fe.svg */; };
		7A751B8C2BAEA7F8002D82D5 /* 91e9869927d002aceb8c.svg in Resources */ = {isa = PBXBuildFile; fileRef = 7A751B4B2BAEA7F8002D82D5 /* 91e9869927d002aceb8c.svg */; };
		7A751B8D2BAEA7F8002D82D5 /* fd9ddee319325e3c92c8.svg in Resources */ = {isa = PBXBuildFile; fileRef = 7A751B4C2BAEA7F8002D82D5 /* fd9ddee319325e3c92c8.svg */; };
		7A751B8E2BAEA7F8002D82D5 /* ex3.png in Resources */ = {isa = PBXBuildFile; fileRef = 7A751B4D2BAEA7F8002D82D5 /* ex3.png */; };
		7A751B8F2BAEA7F8002D82D5 /* how-to-extension.png in Resources */ = {isa = PBXBuildFile; fileRef = 7A751B4E2BAEA7F8002D82D5 /* how-to-extension.png */; };
		7A751B902BAEA7F8002D82D5 /* icon-16-inactive.png in Resources */ = {isa = PBXBuildFile; fileRef = 7A751B4F2BAEA7F8002D82D5 /* icon-16-inactive.png */; };
		7A751B912BAEA7F8002D82D5 /* icon-16.png in Resources */ = {isa = PBXBuildFile; fileRef = 7A751B502BAEA7F8002D82D5 /* icon-16.png */; };
		7A751B922BAEA7F8002D82D5 /* icon-32-inactive.png in Resources */ = {isa = PBXBuildFile; fileRef = 7A751B512BAEA7F8002D82D5 /* icon-32-inactive.png */; };
		7A751B932BAEA7F8002D82D5 /* icon-32.png in Resources */ = {isa = PBXBuildFile; fileRef = 7A751B522BAEA7F8002D82D5 /* icon-32.png */; };
		7A751B942BAEA7F8002D82D5 /* icon-48-inactive.png in Resources */ = {isa = PBXBuildFile; fileRef = 7A751B532BAEA7F8002D82D5 /* icon-48-inactive.png */; };
		7A751B952BAEA7F8002D82D5 /* icon-48.png in Resources */ = {isa = PBXBuildFile; fileRef = 7A751B542BAEA7F8002D82D5 /* icon-48.png */; };
		7A751B962BAEA7F8002D82D5 /* icon-64-inactive.png in Resources */ = {isa = PBXBuildFile; fileRef = 7A751B552BAEA7F8002D82D5 /* icon-64-inactive.png */; };
		7A751B972BAEA7F8002D82D5 /* icon-64.png in Resources */ = {isa = PBXBuildFile; fileRef = 7A751B562BAEA7F8002D82D5 /* icon-64.png */; };
		7A751B982BAEA7F8002D82D5 /* icon-128-inactive.png in Resources */ = {isa = PBXBuildFile; fileRef = 7A751B572BAEA7F8002D82D5 /* icon-128-inactive.png */; };
		7A751B992BAEA7F8002D82D5 /* icon-128.png in Resources */ = {isa = PBXBuildFile; fileRef = 7A751B582BAEA7F8002D82D5 /* icon-128.png */; };
		7A751B9A2BAEA7F8002D82D5 /* icon.png in Resources */ = {isa = PBXBuildFile; fileRef = 7A751B592BAEA7F8002D82D5 /* icon.png */; };
		7A751B9B2BAEA7F8002D82D5 /* ios-tutorial.png in Resources */ = {isa = PBXBuildFile; fileRef = 7A751B5A2BAEA7F8002D82D5 /* ios-tutorial.png */; };
		7A751B9C2BAEA7F8002D82D5 /* supported.png in Resources */ = {isa = PBXBuildFile; fileRef = 7A751B5B2BAEA7F8002D82D5 /* supported.png */; };
		7A751B9D2BAEA7F8002D82D5 /* unsupported.png in Resources */ = {isa = PBXBuildFile; fileRef = 7A751B5C2BAEA7F8002D82D5 /* unsupported.png */; };
		7A751B9E2BAEA7F8002D82D5 /* 5167c5352bbc00240c3a.png in Resources */ = {isa = PBXBuildFile; fileRef = 7A751B5F2BAEA7F8002D82D5 /* 5167c5352bbc00240c3a.png */; };
		7A751B9F2BAEA7F8002D82D5 /* e0860da7aaefd6dd2a0c.woff2 in Resources */ = {isa = PBXBuildFile; fileRef = 7A751B602BAEA7F8002D82D5 /* e0860da7aaefd6dd2a0c.woff2 */; };
		7A751BA02BAEA7F8002D82D5 /* 1eadb587990a6bc2c0ba.svg in Resources */ = {isa = PBXBuildFile; fileRef = 7A751B612BAEA7F8002D82D5 /* 1eadb587990a6bc2c0ba.svg */; };
		7A751BA12BAEA7F8002D82D5 /* 2a511ee240dd60bdb75e.svg in Resources */ = {isa = PBXBuildFile; fileRef = 7A751B622BAEA7F8002D82D5 /* 2a511ee240dd60bdb75e.svg */; };
		7A751BA22BAEA7F8002D82D5 /* injectAutoApply.bundle.js in Resources */ = {isa = PBXBuildFile; fileRef = 7A751B632BAEA7F8002D82D5 /* injectAutoApply.bundle.js */; };
		7A751BA32BAEA7F8002D82D5 /* made_outer_sans_black.woff2 in Resources */ = {isa = PBXBuildFile; fileRef = 7A751B642BAEA7F8002D82D5 /* made_outer_sans_black.woff2 */; };
		7A751BA42BAEA7F8002D82D5 /* made_outer_sans_bold.woff2 in Resources */ = {isa = PBXBuildFile; fileRef = 7A751B652BAEA7F8002D82D5 /* made_outer_sans_bold.woff2 */; };
		7A751BA52BAEA7F8002D82D5 /* made_outer_sans_light.woff2 in Resources */ = {isa = PBXBuildFile; fileRef = 7A751B662BAEA7F8002D82D5 /* made_outer_sans_light.woff2 */; };
		7A751BA62BAEA7F8002D82D5 /* made_outer_sans_medium.woff2 in Resources */ = {isa = PBXBuildFile; fileRef = 7A751B672BAEA7F8002D82D5 /* made_outer_sans_medium.woff2 */; };
		7A751BA72BAEA7F8002D82D5 /* made_outer_sans_regular.woff2 in Resources */ = {isa = PBXBuildFile; fileRef = 7A751B682BAEA7F8002D82D5 /* made_outer_sans_regular.woff2 */; };
		7A751BA82BAEA7F8002D82D5 /* made_outer_sans_thin.woff2 in Resources */ = {isa = PBXBuildFile; fileRef = 7A751B692BAEA7F8002D82D5 /* made_outer_sans_thin.woff2 */; };
		7A751BA92BAEA7F8002D82D5 /* roobert_bold.woff2 in Resources */ = {isa = PBXBuildFile; fileRef = 7A751B6B2BAEA7F8002D82D5 /* roobert_bold.woff2 */; };
		7A751BAA2BAEA7F8002D82D5 /* roobert_heavy.woff2 in Resources */ = {isa = PBXBuildFile; fileRef = 7A751B6C2BAEA7F8002D82D5 /* roobert_heavy.woff2 */; };
		7A751BAB2BAEA7F8002D82D5 /* roobert_light.woff2 in Resources */ = {isa = PBXBuildFile; fileRef = 7A751B6D2BAEA7F8002D82D5 /* roobert_light.woff2 */; };
		7A751BAC2BAEA7F8002D82D5 /* roobert_medium.woff2 in Resources */ = {isa = PBXBuildFile; fileRef = 7A751B6E2BAEA7F8002D82D5 /* roobert_medium.woff2 */; };
		7A751BAD2BAEA7F8002D82D5 /* roobert_regular.woff2 in Resources */ = {isa = PBXBuildFile; fileRef = 7A751B6F2BAEA7F8002D82D5 /* roobert_regular.woff2 */; };
		7A751BAE2BAEA7F8002D82D5 /* roobert_semibold.woff2 in Resources */ = {isa = PBXBuildFile; fileRef = 7A751B702BAEA7F8002D82D5 /* roobert_semibold.woff2 */; };
/* End PBXBuildFile section */

/* Begin PBXContainerItemProxy section */
		5779C25D2A81CEB300575FF4 /* PBXContainerItemProxy */ = {
			isa = PBXContainerItemProxy;
			containerPortal = 5779C2382A81CEB200575FF4 /* Project object */;
			proxyType = 1;
			remoteGlobalIDString = 5779C23F2A81CEB200575FF4;
			remoteInfo = Refermate;
		};
		5779C2672A81CEB300575FF4 /* PBXContainerItemProxy */ = {
			isa = PBXContainerItemProxy;
			containerPortal = 5779C2382A81CEB200575FF4 /* Project object */;
			proxyType = 1;
			remoteGlobalIDString = 5779C23F2A81CEB200575FF4;
			remoteInfo = Refermate;
		};
		7A7519A92BACFA0C002D82D5 /* PBXContainerItemProxy */ = {
			isa = PBXContainerItemProxy;
			containerPortal = 5779C2382A81CEB200575FF4 /* Project object */;
			proxyType = 1;
			remoteGlobalIDString = 7A7519912BACFA0C002D82D5;
			remoteInfo = "Refermate Extension";
		};
/* End PBXContainerItemProxy section */

/* Begin PBXCopyFilesBuildPhase section */
		5779C28A2A81CEB300575FF4 /* Embed Foundation Extensions */ = {
			isa = PBXCopyFilesBuildPhase;
			buildActionMask = 2147483647;
			dstPath = "";
			dstSubfolderSpec = 13;
			files = (
				7A7519AB2BACFA0C002D82D5 /* Refermate Extension.appex in Embed Foundation Extensions */,
			);
			name = "Embed Foundation Extensions";
			runOnlyForDeploymentPostprocessing = 0;
		};
/* End PBXCopyFilesBuildPhase section */

/* Begin PBXFileReference section */
		574833332AC32F4D00BE5D3F /* README.md */ = {isa = PBXFileReference; lastKnownFileType = net.daringfireball.markdown; path = README.md; sourceTree = "<group>"; };
		5779C2402A81CEB200575FF4 /* Refermate.app */ = {isa = PBXFileReference; explicitFileType = wrapper.application; includeInIndex = 0; path = Refermate.app; sourceTree = BUILT_PRODUCTS_DIR; };
		5779C2432A81CEB200575FF4 /* AppDelegate.swift */ = {isa = PBXFileReference; lastKnownFileType = sourcecode.swift; path = AppDelegate.swift; sourceTree = "<group>"; };
		5779C2472A81CEB200575FF4 /* Base */ = {isa = PBXFileReference; lastKnownFileType = text.html; name = Base; path = ../Base.lproj/Main.html; sourceTree = "<group>"; };
		5779C24D2A81CEB200575FF4 /* Script.js */ = {isa = PBXFileReference; lastKnownFileType = sourcecode.javascript; path = Script.js; sourceTree = "<group>"; };
		5779C24F2A81CEB200575FF4 /* ViewController.swift */ = {isa = PBXFileReference; lastKnownFileType = sourcecode.swift; path = ViewController.swift; sourceTree = "<group>"; };
		5779C2522A81CEB200575FF4 /* Base */ = {isa = PBXFileReference; lastKnownFileType = file.storyboard; name = Base; path = Base.lproj/Main.storyboard; sourceTree = "<group>"; };
		5779C2562A81CEB200575FF4 /* Refermate.entitlements */ = {isa = PBXFileReference; lastKnownFileType = text.plist.entitlements; path = Refermate.entitlements; sourceTree = "<group>"; };
		5779C2572A81CEB200575FF4 /* Refermate.entitlements */ = {isa = PBXFileReference; lastKnownFileType = text.plist.entitlements; path = Refermate.entitlements; sourceTree = "<group>"; };
		5779C25C2A81CEB300575FF4 /* RefermateTests.xctest */ = {isa = PBXFileReference; explicitFileType = wrapper.cfbundle; includeInIndex = 0; path = RefermateTests.xctest; sourceTree = BUILT_PRODUCTS_DIR; };
		5779C2602A81CEB300575FF4 /* RefermateTests.swift */ = {isa = PBXFileReference; lastKnownFileType = sourcecode.swift; path = RefermateTests.swift; sourceTree = "<group>"; };
		5779C2662A81CEB300575FF4 /* RefermateUITests.xctest */ = {isa = PBXFileReference; explicitFileType = wrapper.cfbundle; includeInIndex = 0; path = RefermateUITests.xctest; sourceTree = BUILT_PRODUCTS_DIR; };
		5779C26A2A81CEB300575FF4 /* RefermateUITests.swift */ = {isa = PBXFileReference; lastKnownFileType = sourcecode.swift; path = RefermateUITests.swift; sourceTree = "<group>"; };
		5779C26C2A81CEB300575FF4 /* RefermateUITestsLaunchTests.swift */ = {isa = PBXFileReference; lastKnownFileType = sourcecode.swift; path = RefermateUITestsLaunchTests.swift; sourceTree = "<group>"; };
		5779C2ED2A829A9700575FF4 /* RefermateStore.xcdatamodel */ = {isa = PBXFileReference; lastKnownFileType = wrapper.xcdatamodel; path = RefermateStore.xcdatamodel; sourceTree = "<group>"; };
		5779C2EF2A829B3E00575FF4 /* Entity+CoreDataClass.swift */ = {isa = PBXFileReference; lastKnownFileType = sourcecode.swift; path = "Entity+CoreDataClass.swift"; sourceTree = "<group>"; };
		5779C2F02A829B3E00575FF4 /* Entity+CoreDataProperties.swift */ = {isa = PBXFileReference; lastKnownFileType = sourcecode.swift; path = "Entity+CoreDataProperties.swift"; sourceTree = "<group>"; };
		5779C2F72A83DAAD00575FF4 /* Info.plist */ = {isa = PBXFileReference; lastKnownFileType = text.plist; path = Info.plist; sourceTree = "<group>"; };
		579B4D0A2A8D2B1E0023C03F /* checkmark.png */ = {isa = PBXFileReference; lastKnownFileType = image.png; path = checkmark.png; sourceTree = "<group>"; };
		579B4D0B2A8D2B1E0023C03F /* arrow.png */ = {isa = PBXFileReference; lastKnownFileType = image.png; path = arrow.png; sourceTree = "<group>"; };
		579B4D0C2A8D2B1E0023C03F /* refermate-logo.png */ = {isa = PBXFileReference; lastKnownFileType = image.png; path = "refermate-logo.png"; sourceTree = "<group>"; };
		579B4D0D2A8D2B1E0023C03F /* Style.css */ = {isa = PBXFileReference; fileEncoding = 4; lastKnownFileType = text.css; path = Style.css; sourceTree = "<group>"; };
		579B4D0E2A8D2B1E0023C03F /* success-img.png */ = {isa = PBXFileReference; lastKnownFileType = image.png; path = "success-img.png"; sourceTree = "<group>"; };
		579B4D0F2A8D2B1E0023C03F /* Icon.png */ = {isa = PBXFileReference; lastKnownFileType = image.png; path = Icon.png; sourceTree = "<group>"; };
		579B4D732A8D3E8C0023C03F /* Assets.xcassets */ = {isa = PBXFileReference; lastKnownFileType = folder.assetcatalog; path = Assets.xcassets; sourceTree = "<group>"; };
		7A7519922BACFA0C002D82D5 /* Refermate Extension.appex */ = {isa = PBXFileReference; explicitFileType = "wrapper.app-extension"; includeInIndex = 0; path = "Refermate Extension.appex"; sourceTree = BUILT_PRODUCTS_DIR; };
		7A7519942BACFA0C002D82D5 /* SafariWebExtensionHandler.swift */ = {isa = PBXFileReference; lastKnownFileType = sourcecode.swift; path = SafariWebExtensionHandler.swift; sourceTree = "<group>"; };
		7A7519A72BACFA0C002D82D5 /* Info.plist */ = {isa = PBXFileReference; lastKnownFileType = text.plist.xml; path = Info.plist; sourceTree = "<group>"; };
		7A7519A82BACFA0C002D82D5 /* Refermate_Extension.entitlements */ = {isa = PBXFileReference; lastKnownFileType = text.plist.entitlements; path = Refermate_Extension.entitlements; sourceTree = "<group>"; };
		7A751B2F2BAEA7F7002D82D5 /* 90f90b13a872d0d174bb.woff2 */ = {isa = PBXFileReference; lastKnownFileType = file; name = 90f90b13a872d0d174bb.woff2; path = "../../../../refermate-anywhere-v2/build/90f90b13a872d0d174bb.woff2"; sourceTree = "<group>"; };
		7A751B302BAEA7F7002D82D5 /* cc5663daff99e864c43d.woff2 */ = {isa = PBXFileReference; lastKnownFileType = file; name = cc5663daff99e864c43d.woff2; path = "../../../../refermate-anywhere-v2/build/cc5663daff99e864c43d.woff2"; sourceTree = "<group>"; };
		7A751B312BAEA7F7002D82D5 /* popup.html */ = {isa = PBXFileReference; fileEncoding = 4; lastKnownFileType = text.html; name = popup.html; path = "../../../../refermate-anywhere-v2/build/popup.html"; sourceTree = "<group>"; };
		7A751B322BAEA7F7002D82D5 /* manifest.json */ = {isa = PBXFileReference; fileEncoding = 4; lastKnownFileType = text.json; name = manifest.json; path = "../../../../refermate-anywhere-v2/build/manifest.json"; sourceTree = "<group>"; };
		7A751B332BAEA7F7002D82D5 /* 6ad83effd3a7afb53a15.png */ = {isa = PBXFileReference; lastKnownFileType = image.png; name = 6ad83effd3a7afb53a15.png; path = "../../../../refermate-anywhere-v2/build/6ad83effd3a7afb53a15.png"; sourceTree = "<group>"; };
		7A751B342BAEA7F7002D82D5 /* dc1166bf922ba14bec8d.svg */ = {isa = PBXFileReference; fileEncoding = 4; lastKnownFileType = text; name = dc1166bf922ba14bec8d.svg; path = "../../../../refermate-anywhere-v2/build/dc1166bf922ba14bec8d.svg"; sourceTree = "<group>"; };
		7A751B352BAEA7F7002D82D5 /* 348776f0e67911f4f72e.svg */ = {isa = PBXFileReference; fileEncoding = 4; lastKnownFileType = text; name = 348776f0e67911f4f72e.svg; path = "../../../../refermate-anywhere-v2/build/348776f0e67911f4f72e.svg"; sourceTree = "<group>"; };
		7A751B362BAEA7F7002D82D5 /* 86ea8392c20478a0d46e.woff2 */ = {isa = PBXFileReference; lastKnownFileType = file; name = 86ea8392c20478a0d46e.woff2; path = "../../../../refermate-anywhere-v2/build/86ea8392c20478a0d46e.woff2"; sourceTree = "<group>"; };
		7A751B372BAEA7F7002D82D5 /* ea61cbf130969ba96c8e.png */ = {isa = PBXFileReference; lastKnownFileType = image.png; name = ea61cbf130969ba96c8e.png; path = "../../../../refermate-anywhere-v2/build/ea61cbf130969ba96c8e.png"; sourceTree = "<group>"; };
		7A751B382BAEA7F7002D82D5 /* 4bc562028354f5941b42.woff2 */ = {isa = PBXFileReference; lastKnownFileType = file; name = 4bc562028354f5941b42.woff2; path = "../../../../refermate-anywhere-v2/build/4bc562028354f5941b42.woff2"; sourceTree = "<group>"; };
		7A751B392BAEA7F7002D82D5 /* background.bundle.js */ = {isa = PBXFileReference; fileEncoding = 4; lastKnownFileType = sourcecode.javascript; name = background.bundle.js; path = "../../../../refermate-anywhere-v2/build/background.bundle.js"; sourceTree = "<group>"; };
		7A751B3A2BAEA7F7002D82D5 /* 558566d84fb0bd44a86c.woff2 */ = {isa = PBXFileReference; lastKnownFileType = file; name = 558566d84fb0bd44a86c.woff2; path = "../../../../refermate-anywhere-v2/build/558566d84fb0bd44a86c.woff2"; sourceTree = "<group>"; };
		7A751B3B2BAEA7F7002D82D5 /* 873f5272572749b65934.woff2 */ = {isa = PBXFileReference; lastKnownFileType = file; name = 873f5272572749b65934.woff2; path = "../../../../refermate-anywhere-v2/build/873f5272572749b65934.woff2"; sourceTree = "<group>"; };
		7A751B3C2BAEA7F7002D82D5 /* f97373ae92fbfbb95c50.woff2 */ = {isa = PBXFileReference; lastKnownFileType = file; name = f97373ae92fbfbb95c50.woff2; path = "../../../../refermate-anywhere-v2/build/f97373ae92fbfbb95c50.woff2"; sourceTree = "<group>"; };
		7A751B3D2BAEA7F7002D82D5 /* 172d496f570e066f9014.svg */ = {isa = PBXFileReference; fileEncoding = 4; lastKnownFileType = text; name = 172d496f570e066f9014.svg; path = "../../../../refermate-anywhere-v2/build/172d496f570e066f9014.svg"; sourceTree = "<group>"; };
		7A751B3E2BAEA7F7002D82D5 /* 3cac30d2e914848c63db.woff2 */ = {isa = PBXFileReference; lastKnownFileType = file; name = 3cac30d2e914848c63db.woff2; path = "../../../../refermate-anywhere-v2/build/3cac30d2e914848c63db.woff2"; sourceTree = "<group>"; };
		7A751B3F2BAEA7F7002D82D5 /* 524b69ba6d9abb32f085.woff2 */ = {isa = PBXFileReference; lastKnownFileType = file; name = 524b69ba6d9abb32f085.woff2; path = "../../../../refermate-anywhere-v2/build/524b69ba6d9abb32f085.woff2"; sourceTree = "<group>"; };
		7A751B402BAEA7F7002D82D5 /* injectAutoApply.bundle.js.map */ = {isa = PBXFileReference; fileEncoding = 4; lastKnownFileType = "sourcecode.module-map"; name = injectAutoApply.bundle.js.map; path = "../../../../refermate-anywhere-v2/build/injectAutoApply.bundle.js.map"; sourceTree = "<group>"; };
		7A751B412BAEA7F7002D82D5 /* background.bundle.js.map */ = {isa = PBXFileReference; fileEncoding = 4; lastKnownFileType = "sourcecode.module-map"; name = background.bundle.js.map; path = "../../../../refermate-anywhere-v2/build/background.bundle.js.map"; sourceTree = "<group>"; };
		7A751B422BAEA7F7002D82D5 /* contentScript.bundle.js */ = {isa = PBXFileReference; fileEncoding = 4; lastKnownFileType = sourcecode.javascript; name = contentScript.bundle.js; path = "../../../../refermate-anywhere-v2/build/contentScript.bundle.js"; sourceTree = "<group>"; };
		7A751B432BAEA7F8002D82D5 /* 4b9e7d5f95a278e2d22e.woff2 */ = {isa = PBXFileReference; lastKnownFileType = file; name = 4b9e7d5f95a278e2d22e.woff2; path = "../../../../refermate-anywhere-v2/build/4b9e7d5f95a278e2d22e.woff2"; sourceTree = "<group>"; };
		7A751B442BAEA7F8002D82D5 /* ed67b41ce63b521f3e77.svg */ = {isa = PBXFileReference; fileEncoding = 4; lastKnownFileType = text; name = ed67b41ce63b521f3e77.svg; path = "../../../../refermate-anywhere-v2/build/ed67b41ce63b521f3e77.svg"; sourceTree = "<group>"; };
		7A751B452BAEA7F8002D82D5 /* 2230fb2acd8ec402888e.woff2 */ = {isa = PBXFileReference; lastKnownFileType = file; name = 2230fb2acd8ec402888e.woff2; path = "../../../../refermate-anywhere-v2/build/2230fb2acd8ec402888e.woff2"; sourceTree = "<group>"; };
		7A751B462BAEA7F8002D82D5 /* contentScript.bundle.js.map */ = {isa = PBXFileReference; fileEncoding = 4; lastKnownFileType = "sourcecode.module-map"; name = contentScript.bundle.js.map; path = "../../../../refermate-anywhere-v2/build/contentScript.bundle.js.map"; sourceTree = "<group>"; };
		7A751B472BAEA7F8002D82D5 /* 85baf9766733d42bd24f.png */ = {isa = PBXFileReference; lastKnownFileType = image.png; name = 85baf9766733d42bd24f.png; path = "../../../../refermate-anywhere-v2/build/85baf9766733d42bd24f.png"; sourceTree = "<group>"; };
		7A751B482BAEA7F8002D82D5 /* 0fdfca52c4373f2137e6.svg */ = {isa = PBXFileReference; fileEncoding = 4; lastKnownFileType = text; name = 0fdfca52c4373f2137e6.svg; path = "../../../../refermate-anywhere-v2/build/0fdfca52c4373f2137e6.svg"; sourceTree = "<group>"; };
		7A751B492BAEA7F8002D82D5 /* popup.bundle.js */ = {isa = PBXFileReference; fileEncoding = 4; lastKnownFileType = sourcecode.javascript; name = popup.bundle.js; path = "../../../../refermate-anywhere-v2/build/popup.bundle.js"; sourceTree = "<group>"; };
		7A751B4A2BAEA7F8002D82D5 /* 37a25a0d0c5d3aa200fe.svg */ = {isa = PBXFileReference; fileEncoding = 4; lastKnownFileType = text; name = 37a25a0d0c5d3aa200fe.svg; path = "../../../../refermate-anywhere-v2/build/37a25a0d0c5d3aa200fe.svg"; sourceTree = "<group>"; };
		7A751B4B2BAEA7F8002D82D5 /* 91e9869927d002aceb8c.svg */ = {isa = PBXFileReference; fileEncoding = 4; lastKnownFileType = text; name = 91e9869927d002aceb8c.svg; path = "../../../../refermate-anywhere-v2/build/91e9869927d002aceb8c.svg"; sourceTree = "<group>"; };
		7A751B4C2BAEA7F8002D82D5 /* fd9ddee319325e3c92c8.svg */ = {isa = PBXFileReference; fileEncoding = 4; lastKnownFileType = text; name = fd9ddee319325e3c92c8.svg; path = "../../../../refermate-anywhere-v2/build/fd9ddee319325e3c92c8.svg"; sourceTree = "<group>"; };
		7A751B4D2BAEA7F8002D82D5 /* ex3.png */ = {isa = PBXFileReference; lastKnownFileType = image.png; path = ex3.png; sourceTree = "<group>"; };
		7A751B4E2BAEA7F8002D82D5 /* how-to-extension.png */ = {isa = PBXFileReference; lastKnownFileType = image.png; path = "how-to-extension.png"; sourceTree = "<group>"; };
		7A751B4F2BAEA7F8002D82D5 /* icon-16-inactive.png */ = {isa = PBXFileReference; lastKnownFileType = image.png; path = "icon-16-inactive.png"; sourceTree = "<group>"; };
		7A751B502BAEA7F8002D82D5 /* icon-16.png */ = {isa = PBXFileReference; lastKnownFileType = image.png; path = "icon-16.png"; sourceTree = "<group>"; };
		7A751B512BAEA7F8002D82D5 /* icon-32-inactive.png */ = {isa = PBXFileReference; lastKnownFileType = image.png; path = "icon-32-inactive.png"; sourceTree = "<group>"; };
		7A751B522BAEA7F8002D82D5 /* icon-32.png */ = {isa = PBXFileReference; lastKnownFileType = image.png; path = "icon-32.png"; sourceTree = "<group>"; };
		7A751B532BAEA7F8002D82D5 /* icon-48-inactive.png */ = {isa = PBXFileReference; lastKnownFileType = image.png; path = "icon-48-inactive.png"; sourceTree = "<group>"; };
		7A751B542BAEA7F8002D82D5 /* icon-48.png */ = {isa = PBXFileReference; lastKnownFileType = image.png; path = "icon-48.png"; sourceTree = "<group>"; };
		7A751B552BAEA7F8002D82D5 /* icon-64-inactive.png */ = {isa = PBXFileReference; lastKnownFileType = image.png; path = "icon-64-inactive.png"; sourceTree = "<group>"; };
		7A751B562BAEA7F8002D82D5 /* icon-64.png */ = {isa = PBXFileReference; lastKnownFileType = image.png; path = "icon-64.png"; sourceTree = "<group>"; };
		7A751B572BAEA7F8002D82D5 /* icon-128-inactive.png */ = {isa = PBXFileReference; lastKnownFileType = image.png; path = "icon-128-inactive.png"; sourceTree = "<group>"; };
		7A751B582BAEA7F8002D82D5 /* icon-128.png */ = {isa = PBXFileReference; lastKnownFileType = image.png; path = "icon-128.png"; sourceTree = "<group>"; };
		7A751B592BAEA7F8002D82D5 /* icon.png */ = {isa = PBXFileReference; lastKnownFileType = image.png; path = icon.png; sourceTree = "<group>"; };
		7A751B5A2BAEA7F8002D82D5 /* ios-tutorial.png */ = {isa = PBXFileReference; lastKnownFileType = image.png; path = "ios-tutorial.png"; sourceTree = "<group>"; };
		7A751B5B2BAEA7F8002D82D5 /* supported.png */ = {isa = PBXFileReference; lastKnownFileType = image.png; path = supported.png; sourceTree = "<group>"; };
		7A751B5C2BAEA7F8002D82D5 /* unsupported.png */ = {isa = PBXFileReference; lastKnownFileType = image.png; path = unsupported.png; sourceTree = "<group>"; };
		7A751B5E2BAEA7F8002D82D5 /* popup.bundle.js.map */ = {isa = PBXFileReference; fileEncoding = 4; lastKnownFileType = "sourcecode.module-map"; name = popup.bundle.js.map; path = "../../../../refermate-anywhere-v2/build/popup.bundle.js.map"; sourceTree = "<group>"; };
		7A751B5F2BAEA7F8002D82D5 /* 5167c5352bbc00240c3a.png */ = {isa = PBXFileReference; lastKnownFileType = image.png; name = 5167c5352bbc00240c3a.png; path = "../../../../refermate-anywhere-v2/build/5167c5352bbc00240c3a.png"; sourceTree = "<group>"; };
		7A751B602BAEA7F8002D82D5 /* e0860da7aaefd6dd2a0c.woff2 */ = {isa = PBXFileReference; lastKnownFileType = file; name = e0860da7aaefd6dd2a0c.woff2; path = "../../../../refermate-anywhere-v2/build/e0860da7aaefd6dd2a0c.woff2"; sourceTree = "<group>"; };
		7A751B612BAEA7F8002D82D5 /* 1eadb587990a6bc2c0ba.svg */ = {isa = PBXFileReference; fileEncoding = 4; lastKnownFileType = text; name = 1eadb587990a6bc2c0ba.svg; path = "../../../../refermate-anywhere-v2/build/1eadb587990a6bc2c0ba.svg"; sourceTree = "<group>"; };
		7A751B622BAEA7F8002D82D5 /* 2a511ee240dd60bdb75e.svg */ = {isa = PBXFileReference; fileEncoding = 4; lastKnownFileType = text; name = 2a511ee240dd60bdb75e.svg; path = "../../../../refermate-anywhere-v2/build/2a511ee240dd60bdb75e.svg"; sourceTree = "<group>"; };
		7A751B632BAEA7F8002D82D5 /* injectAutoApply.bundle.js */ = {isa = PBXFileReference; fileEncoding = 4; lastKnownFileType = sourcecode.javascript; name = injectAutoApply.bundle.js; path = "../../../../refermate-anywhere-v2/build/injectAutoApply.bundle.js"; sourceTree = "<group>"; };
		7A751B642BAEA7F8002D82D5 /* made_outer_sans_black.woff2 */ = {isa = PBXFileReference; lastKnownFileType = file; path = made_outer_sans_black.woff2; sourceTree = "<group>"; };
		7A751B652BAEA7F8002D82D5 /* made_outer_sans_bold.woff2 */ = {isa = PBXFileReference; lastKnownFileType = file; path = made_outer_sans_bold.woff2; sourceTree = "<group>"; };
		7A751B662BAEA7F8002D82D5 /* made_outer_sans_light.woff2 */ = {isa = PBXFileReference; lastKnownFileType = file; path = made_outer_sans_light.woff2; sourceTree = "<group>"; };
		7A751B672BAEA7F8002D82D5 /* made_outer_sans_medium.woff2 */ = {isa = PBXFileReference; lastKnownFileType = file; path = made_outer_sans_medium.woff2; sourceTree = "<group>"; };
		7A751B682BAEA7F8002D82D5 /* made_outer_sans_regular.woff2 */ = {isa = PBXFileReference; lastKnownFileType = file; path = made_outer_sans_regular.woff2; sourceTree = "<group>"; };
		7A751B692BAEA7F8002D82D5 /* made_outer_sans_thin.woff2 */ = {isa = PBXFileReference; lastKnownFileType = file; path = made_outer_sans_thin.woff2; sourceTree = "<group>"; };
		7A751B6B2BAEA7F8002D82D5 /* roobert_bold.woff2 */ = {isa = PBXFileReference; lastKnownFileType = file; path = roobert_bold.woff2; sourceTree = "<group>"; };
		7A751B6C2BAEA7F8002D82D5 /* roobert_heavy.woff2 */ = {isa = PBXFileReference; lastKnownFileType = file; path = roobert_heavy.woff2; sourceTree = "<group>"; };
		7A751B6D2BAEA7F8002D82D5 /* roobert_light.woff2 */ = {isa = PBXFileReference; lastKnownFileType = file; path = roobert_light.woff2; sourceTree = "<group>"; };
		7A751B6E2BAEA7F8002D82D5 /* roobert_medium.woff2 */ = {isa = PBXFileReference; lastKnownFileType = file; path = roobert_medium.woff2; sourceTree = "<group>"; };
		7A751B6F2BAEA7F8002D82D5 /* roobert_regular.woff2 */ = {isa = PBXFileReference; lastKnownFileType = file; path = roobert_regular.woff2; sourceTree = "<group>"; };
		7A751B702BAEA7F8002D82D5 /* roobert_semibold.woff2 */ = {isa = PBXFileReference; lastKnownFileType = file; path = roobert_semibold.woff2; sourceTree = "<group>"; };
/* End PBXFileReference section */

/* Begin PBXFrameworksBuildPhase section */
		5779C23D2A81CEB200575FF4 /* Frameworks */ = {
			isa = PBXFrameworksBuildPhase;
			buildActionMask = 2147483647;
			files = (
			);
			runOnlyForDeploymentPostprocessing = 0;
		};
		5779C2592A81CEB300575FF4 /* Frameworks */ = {
			isa = PBXFrameworksBuildPhase;
			buildActionMask = 2147483647;
			files = (
			);
			runOnlyForDeploymentPostprocessing = 0;
		};
		5779C2632A81CEB300575FF4 /* Frameworks */ = {
			isa = PBXFrameworksBuildPhase;
			buildActionMask = 2147483647;
			files = (
			);
			runOnlyForDeploymentPostprocessing = 0;
		};
		7A75198F2BACFA0C002D82D5 /* Frameworks */ = {
			isa = PBXFrameworksBuildPhase;
			buildActionMask = 2147483647;
			files = (
			);
			runOnlyForDeploymentPostprocessing = 0;
		};
/* End PBXFrameworksBuildPhase section */

/* Begin PBXGroup section */
		5779C2372A81CEB200575FF4 = {
			isa = PBXGroup;
			children = (
				574833332AC32F4D00BE5D3F /* README.md */,
				5779C2EF2A829B3E00575FF4 /* Entity+CoreDataClass.swift */,
				5779C2F02A829B3E00575FF4 /* Entity+CoreDataProperties.swift */,
				5779C2EC2A829A9700575FF4 /* RefermateStore.xcdatamodeld */,
				5779C2422A81CEB200575FF4 /* Refermate */,
				5779C25F2A81CEB300575FF4 /* RefermateTests */,
				5779C2692A81CEB300575FF4 /* RefermateUITests */,
				7A7519932BACFA0C002D82D5 /* Refermate Extension */,
				5779C2412A81CEB200575FF4 /* Products */,
				57A10C4C2A868E69007A2027 /* Frameworks */,
			);
			sourceTree = "<group>";
		};
		5779C2412A81CEB200575FF4 /* Products */ = {
			isa = PBXGroup;
			children = (
				5779C2402A81CEB200575FF4 /* Refermate.app */,
				5779C25C2A81CEB300575FF4 /* RefermateTests.xctest */,
				5779C2662A81CEB300575FF4 /* RefermateUITests.xctest */,
				7A7519922BACFA0C002D82D5 /* Refermate Extension.appex */,
			);
			name = Products;
			sourceTree = "<group>";
		};
		5779C2422A81CEB200575FF4 /* Refermate */ = {
			isa = PBXGroup;
			children = (
				5779C2F72A83DAAD00575FF4 /* Info.plist */,
				5779C2432A81CEB200575FF4 /* AppDelegate.swift */,
				5779C24F2A81CEB200575FF4 /* ViewController.swift */,
				5779C2512A81CEB200575FF4 /* Main.storyboard */,
				5779C2562A81CEB200575FF4 /* Refermate.entitlements */,
				5779C2572A81CEB200575FF4 /* Refermate.entitlements */,
				579B4D732A8D3E8C0023C03F /* Assets.xcassets */,
				5779C2452A81CEB200575FF4 /* Resources */,
			);
			path = Refermate;
			sourceTree = "<group>";
		};
		5779C2452A81CEB200575FF4 /* Resources */ = {
			isa = PBXGroup;
			children = (
				579B4D0B2A8D2B1E0023C03F /* arrow.png */,
				579B4D0A2A8D2B1E0023C03F /* checkmark.png */,
				579B4D0F2A8D2B1E0023C03F /* Icon.png */,
				579B4D0C2A8D2B1E0023C03F /* refermate-logo.png */,
				579B4D0D2A8D2B1E0023C03F /* Style.css */,
				579B4D0E2A8D2B1E0023C03F /* success-img.png */,
				5779C2462A81CEB200575FF4 /* Main.html */,
				5779C24D2A81CEB200575FF4 /* Script.js */,
			);
			path = Resources;
			sourceTree = "<group>";
		};
		5779C25F2A81CEB300575FF4 /* RefermateTests */ = {
			isa = PBXGroup;
			children = (
				5779C2602A81CEB300575FF4 /* RefermateTests.swift */,
			);
			path = RefermateTests;
			sourceTree = "<group>";
		};
		5779C2692A81CEB300575FF4 /* RefermateUITests */ = {
			isa = PBXGroup;
			children = (
				5779C26A2A81CEB300575FF4 /* RefermateUITests.swift */,
				5779C26C2A81CEB300575FF4 /* RefermateUITestsLaunchTests.swift */,
			);
			path = RefermateUITests;
			sourceTree = "<group>";
		};
		57A10C4C2A868E69007A2027 /* Frameworks */ = {
			isa = PBXGroup;
			children = (
			);
			name = Frameworks;
			sourceTree = "<group>";
		};
		7A7519932BACFA0C002D82D5 /* Refermate Extension */ = {
			isa = PBXGroup;
			children = (
				7A7519942BACFA0C002D82D5 /* SafariWebExtensionHandler.swift */,
				7A7519A72BACFA0C002D82D5 /* Info.plist */,
				7A7519A82BACFA0C002D82D5 /* Refermate_Extension.entitlements */,
				7A7519962BACFA0C002D82D5 /* Resources */,
			);
			path = "Refermate Extension";
			sourceTree = "<group>";
		};
		7A7519962BACFA0C002D82D5 /* Resources */ = {
			isa = PBXGroup;
			children = (
				7A751B482BAEA7F8002D82D5 /* 0fdfca52c4373f2137e6.svg */,
				7A751B612BAEA7F8002D82D5 /* 1eadb587990a6bc2c0ba.svg */,
				7A751B622BAEA7F8002D82D5 /* 2a511ee240dd60bdb75e.svg */,
				7A751B3E2BAEA7F7002D82D5 /* 3cac30d2e914848c63db.woff2 */,
				7A751B432BAEA7F8002D82D5 /* 4b9e7d5f95a278e2d22e.woff2 */,
				7A751B382BAEA7F7002D82D5 /* 4bc562028354f5941b42.woff2 */,
				7A751B332BAEA7F7002D82D5 /* 6ad83effd3a7afb53a15.png */,
				7A751B4A2BAEA7F8002D82D5 /* 37a25a0d0c5d3aa200fe.svg */,
				7A751B472BAEA7F8002D82D5 /* 85baf9766733d42bd24f.png */,
				7A751B362BAEA7F7002D82D5 /* 86ea8392c20478a0d46e.woff2 */,
				7A751B2F2BAEA7F7002D82D5 /* 90f90b13a872d0d174bb.woff2 */,
				7A751B4B2BAEA7F8002D82D5 /* 91e9869927d002aceb8c.svg */,
				7A751B3D2BAEA7F7002D82D5 /* 172d496f570e066f9014.svg */,
				7A751B3F2BAEA7F7002D82D5 /* 524b69ba6d9abb32f085.woff2 */,
				7A751B3B2BAEA7F7002D82D5 /* 873f5272572749b65934.woff2 */,
				7A751B452BAEA7F8002D82D5 /* 2230fb2acd8ec402888e.woff2 */,
				7A751B5F2BAEA7F8002D82D5 /* 5167c5352bbc00240c3a.png */,
				7A751B352BAEA7F7002D82D5 /* 348776f0e67911f4f72e.svg */,
				7A751B3A2BAEA7F7002D82D5 /* 558566d84fb0bd44a86c.woff2 */,
				7A751B392BAEA7F7002D82D5 /* background.bundle.js */,
				7A751B412BAEA7F7002D82D5 /* background.bundle.js.map */,
				7A751B302BAEA7F7002D82D5 /* cc5663daff99e864c43d.woff2 */,
				7A751B422BAEA7F7002D82D5 /* contentScript.bundle.js */,
				7A751B462BAEA7F8002D82D5 /* contentScript.bundle.js.map */,
				7A751B342BAEA7F7002D82D5 /* dc1166bf922ba14bec8d.svg */,
				7A751B602BAEA7F8002D82D5 /* e0860da7aaefd6dd2a0c.woff2 */,
				7A751B372BAEA7F7002D82D5 /* ea61cbf130969ba96c8e.png */,
				7A751B442BAEA7F8002D82D5 /* ed67b41ce63b521f3e77.svg */,
				7A751B3C2BAEA7F7002D82D5 /* f97373ae92fbfbb95c50.woff2 */,
				7A751B4C2BAEA7F8002D82D5 /* fd9ddee319325e3c92c8.svg */,
				7A751B722BAEA7F8002D82D5 /* fonts */,
				7A751B5D2BAEA7F8002D82D5 /* img */,
				7A751B632BAEA7F8002D82D5 /* injectAutoApply.bundle.js */,
				7A751B402BAEA7F7002D82D5 /* injectAutoApply.bundle.js.map */,
				7A751B322BAEA7F7002D82D5 /* manifest.json */,
				7A751B492BAEA7F8002D82D5 /* popup.bundle.js */,
				7A751B5E2BAEA7F8002D82D5 /* popup.bundle.js.map */,
				7A751B312BAEA7F7002D82D5 /* popup.html */,
			);
			path = Resources;
			sourceTree = "<group>";
		};
		7A751B5D2BAEA7F8002D82D5 /* img */ = {
			isa = PBXGroup;
			children = (
				7A751B4D2BAEA7F8002D82D5 /* ex3.png */,
				7A751B4E2BAEA7F8002D82D5 /* how-to-extension.png */,
				7A751B4F2BAEA7F8002D82D5 /* icon-16-inactive.png */,
				7A751B502BAEA7F8002D82D5 /* icon-16.png */,
				7A751B512BAEA7F8002D82D5 /* icon-32-inactive.png */,
				7A751B522BAEA7F8002D82D5 /* icon-32.png */,
				7A751B532BAEA7F8002D82D5 /* icon-48-inactive.png */,
				7A751B542BAEA7F8002D82D5 /* icon-48.png */,
				7A751B552BAEA7F8002D82D5 /* icon-64-inactive.png */,
				7A751B562BAEA7F8002D82D5 /* icon-64.png */,
				7A751B572BAEA7F8002D82D5 /* icon-128-inactive.png */,
				7A751B582BAEA7F8002D82D5 /* icon-128.png */,
				7A751B592BAEA7F8002D82D5 /* icon.png */,
				7A751B5A2BAEA7F8002D82D5 /* ios-tutorial.png */,
				7A751B5B2BAEA7F8002D82D5 /* supported.png */,
				7A751B5C2BAEA7F8002D82D5 /* unsupported.png */,
			);
			name = img;
			path = "../../../../refermate-anywhere-v2/build/img";
			sourceTree = "<group>";
		};
		7A751B6A2BAEA7F8002D82D5 /* made */ = {
			isa = PBXGroup;
			children = (
				7A751B642BAEA7F8002D82D5 /* made_outer_sans_black.woff2 */,
				7A751B652BAEA7F8002D82D5 /* made_outer_sans_bold.woff2 */,
				7A751B662BAEA7F8002D82D5 /* made_outer_sans_light.woff2 */,
				7A751B672BAEA7F8002D82D5 /* made_outer_sans_medium.woff2 */,
				7A751B682BAEA7F8002D82D5 /* made_outer_sans_regular.woff2 */,
				7A751B692BAEA7F8002D82D5 /* made_outer_sans_thin.woff2 */,
			);
			path = made;
			sourceTree = "<group>";
		};
		7A751B712BAEA7F8002D82D5 /* roobert */ = {
			isa = PBXGroup;
			children = (
				7A751B6B2BAEA7F8002D82D5 /* roobert_bold.woff2 */,
				7A751B6C2BAEA7F8002D82D5 /* roobert_heavy.woff2 */,
				7A751B6D2BAEA7F8002D82D5 /* roobert_light.woff2 */,
				7A751B6E2BAEA7F8002D82D5 /* roobert_medium.woff2 */,
				7A751B6F2BAEA7F8002D82D5 /* roobert_regular.woff2 */,
				7A751B702BAEA7F8002D82D5 /* roobert_semibold.woff2 */,
			);
			path = roobert;
			sourceTree = "<group>";
		};
		7A751B722BAEA7F8002D82D5 /* fonts */ = {
			isa = PBXGroup;
			children = (
				7A751B6A2BAEA7F8002D82D5 /* made */,
				7A751B712BAEA7F8002D82D5 /* roobert */,
			);
			name = fonts;
			path = "../../../../refermate-anywhere-v2/build/fonts";
			sourceTree = "<group>";
		};
/* End PBXGroup section */

/* Begin PBXNativeTarget section */
		5779C23F2A81CEB200575FF4 /* Refermate */ = {
			isa = PBXNativeTarget;
			buildConfigurationList = 5779C28B2A81CEB300575FF4 /* Build configuration list for PBXNativeTarget "Refermate" */;
			buildPhases = (
				5779C23C2A81CEB200575FF4 /* Sources */,
				5779C23D2A81CEB200575FF4 /* Frameworks */,
				5779C23E2A81CEB200575FF4 /* Resources */,
				5779C28A2A81CEB300575FF4 /* Embed Foundation Extensions */,
			);
			buildRules = (
			);
			dependencies = (
				7A7519AA2BACFA0C002D82D5 /* PBXTargetDependency */,
			);
			name = Refermate;
			packageProductDependencies = (
			);
			productName = Refermate;
			productReference = 5779C2402A81CEB200575FF4 /* Refermate.app */;
			productType = "com.apple.product-type.application";
		};
		5779C25B2A81CEB300575FF4 /* RefermateTests */ = {
			isa = PBXNativeTarget;
			buildConfigurationList = 5779C28E2A81CEB300575FF4 /* Build configuration list for PBXNativeTarget "RefermateTests" */;
			buildPhases = (
				5779C2582A81CEB300575FF4 /* Sources */,
				5779C2592A81CEB300575FF4 /* Frameworks */,
				5779C25A2A81CEB300575FF4 /* Resources */,
			);
			buildRules = (
			);
			dependencies = (
				5779C25E2A81CEB300575FF4 /* PBXTargetDependency */,
			);
			name = RefermateTests;
			productName = RefermateTests;
			productReference = 5779C25C2A81CEB300575FF4 /* RefermateTests.xctest */;
			productType = "com.apple.product-type.bundle.unit-test";
		};
		5779C2652A81CEB300575FF4 /* RefermateUITests */ = {
			isa = PBXNativeTarget;
			buildConfigurationList = 5779C2912A81CEB300575FF4 /* Build configuration list for PBXNativeTarget "RefermateUITests" */;
			buildPhases = (
				5779C2622A81CEB300575FF4 /* Sources */,
				5779C2632A81CEB300575FF4 /* Frameworks */,
				5779C2642A81CEB300575FF4 /* Resources */,
			);
			buildRules = (
			);
			dependencies = (
				5779C2682A81CEB300575FF4 /* PBXTargetDependency */,
			);
			name = RefermateUITests;
			productName = RefermateUITests;
			productReference = 5779C2662A81CEB300575FF4 /* RefermateUITests.xctest */;
			productType = "com.apple.product-type.bundle.ui-testing";
		};
		7A7519912BACFA0C002D82D5 /* Refermate Extension */ = {
			isa = PBXNativeTarget;
			buildConfigurationList = 7A7519AC2BACFA0C002D82D5 /* Build configuration list for PBXNativeTarget "Refermate Extension" */;
			buildPhases = (
				7A75198E2BACFA0C002D82D5 /* Sources */,
				7A75198F2BACFA0C002D82D5 /* Frameworks */,
				7A7519902BACFA0C002D82D5 /* Resources */,
			);
			buildRules = (
			);
			dependencies = (
			);
			name = "Refermate Extension";
			productName = "Refermate Extension";
			productReference = 7A7519922BACFA0C002D82D5 /* Refermate Extension.appex */;
			productType = "com.apple.product-type.app-extension";
		};
/* End PBXNativeTarget section */

/* Begin PBXProject section */
		5779C2382A81CEB200575FF4 /* Project object */ = {
			isa = PBXProject;
			attributes = {
				BuildIndependentTargetsInParallel = 1;
				LastSwiftUpdateCheck = 1530;
				LastUpgradeCheck = 1420;
				TargetAttributes = {
					5779C23F2A81CEB200575FF4 = {
						CreatedOnToolsVersion = 14.2;
					};
					5779C25B2A81CEB300575FF4 = {
						CreatedOnToolsVersion = 14.2;
						TestTargetID = 5779C23F2A81CEB200575FF4;
					};
					5779C2652A81CEB300575FF4 = {
						CreatedOnToolsVersion = 14.2;
						TestTargetID = 5779C23F2A81CEB200575FF4;
					};
					7A7519912BACFA0C002D82D5 = {
						CreatedOnToolsVersion = 15.3;
					};
				};
			};
			buildConfigurationList = 5779C23B2A81CEB200575FF4 /* Build configuration list for PBXProject "Refermate" */;
			compatibilityVersion = "Xcode 14.0";
			developmentRegion = en;
			hasScannedForEncodings = 0;
			knownRegions = (
				en,
				Base,
			);
			mainGroup = 5779C2372A81CEB200575FF4;
			packageReferences = (
			);
			productRefGroup = 5779C2412A81CEB200575FF4 /* Products */;
			projectDirPath = "";
			projectRoot = "";
			targets = (
				5779C23F2A81CEB200575FF4 /* Refermate */,
				5779C25B2A81CEB300575FF4 /* RefermateTests */,
				5779C2652A81CEB300575FF4 /* RefermateUITests */,
				7A7519912BACFA0C002D82D5 /* Refermate Extension */,
			);
		};
/* End PBXProject section */

/* Begin PBXResourcesBuildPhase section */
		5779C23E2A81CEB200575FF4 /* Resources */ = {
			isa = PBXResourcesBuildPhase;
			buildActionMask = 2147483647;
			files = (
				579B4D142A8D2B1E0023C03F /* success-img.png in Resources */,
				5779C2532A81CEB200575FF4 /* Main.storyboard in Resources */,
				579B4D152A8D2B1E0023C03F /* Icon.png in Resources */,
				579B4D132A8D2B1E0023C03F /* Style.css in Resources */,
				579B4D742A8D3E8C0023C03F /* Assets.xcassets in Resources */,
				579B4D112A8D2B1E0023C03F /* arrow.png in Resources */,
				579B4D102A8D2B1E0023C03F /* checkmark.png in Resources */,
				579B4D122A8D2B1E0023C03F /* refermate-logo.png in Resources */,
				5779C24E2A81CEB200575FF4 /* Script.js in Resources */,
				5779C2482A81CEB200575FF4 /* Main.html in Resources */,
			);
			runOnlyForDeploymentPostprocessing = 0;
		};
		5779C25A2A81CEB300575FF4 /* Resources */ = {
			isa = PBXResourcesBuildPhase;
			buildActionMask = 2147483647;
			files = (
			);
			runOnlyForDeploymentPostprocessing = 0;
		};
		5779C2642A81CEB300575FF4 /* Resources */ = {
			isa = PBXResourcesBuildPhase;
			buildActionMask = 2147483647;
			files = (
			);
			runOnlyForDeploymentPostprocessing = 0;
		};
		7A7519902BACFA0C002D82D5 /* Resources */ = {
			isa = PBXResourcesBuildPhase;
			buildActionMask = 2147483647;
			files = (
				7A751B902BAEA7F8002D82D5 /* icon-16-inactive.png in Resources */,
				7A751B782BAEA7F8002D82D5 /* dc1166bf922ba14bec8d.svg in Resources */,
				7A751BA12BAEA7F8002D82D5 /* 2a511ee240dd60bdb75e.svg in Resources */,
				7A751B932BAEA7F8002D82D5 /* icon-32.png in Resources */,
				7A751B922BAEA7F8002D82D5 /* icon-32-inactive.png in Resources */,
				7A751B762BAEA7F8002D82D5 /* manifest.json in Resources */,
				7A751BAA2BAEA7F8002D82D5 /* roobert_heavy.woff2 in Resources */,
				7A751BA02BAEA7F8002D82D5 /* 1eadb587990a6bc2c0ba.svg in Resources */,
				7A751BA62BAEA7F8002D82D5 /* made_outer_sans_medium.woff2 in Resources */,
				7A751B862BAEA7F8002D82D5 /* ed67b41ce63b521f3e77.svg in Resources */,
				7A751BA22BAEA7F8002D82D5 /* injectAutoApply.bundle.js in Resources */,
				7A751B872BAEA7F8002D82D5 /* 2230fb2acd8ec402888e.woff2 in Resources */,
				7A751B7A2BAEA7F8002D82D5 /* 86ea8392c20478a0d46e.woff2 in Resources */,
				7A751B9E2BAEA7F8002D82D5 /* 5167c5352bbc00240c3a.png in Resources */,
				7A751B7E2BAEA7F8002D82D5 /* 558566d84fb0bd44a86c.woff2 in Resources */,
				7A751B7D2BAEA7F8002D82D5 /* background.bundle.js in Resources */,
				7A751B9C2BAEA7F8002D82D5 /* supported.png in Resources */,
				7A751BA42BAEA7F8002D82D5 /* made_outer_sans_bold.woff2 in Resources */,
				7A751B9F2BAEA7F8002D82D5 /* e0860da7aaefd6dd2a0c.woff2 in Resources */,
				7A751B892BAEA7F8002D82D5 /* 0fdfca52c4373f2137e6.svg in Resources */,
				7A751B942BAEA7F8002D82D5 /* icon-48-inactive.png in Resources */,
				7A751B9B2BAEA7F8002D82D5 /* ios-tutorial.png in Resources */,
				7A751BA82BAEA7F8002D82D5 /* made_outer_sans_thin.woff2 in Resources */,
				7A751B742BAEA7F8002D82D5 /* cc5663daff99e864c43d.woff2 in Resources */,
				7A751BA92BAEA7F8002D82D5 /* roobert_bold.woff2 in Resources */,
				7A751BAC2BAEA7F8002D82D5 /* roobert_medium.woff2 in Resources */,
				7A751B842BAEA7F8002D82D5 /* contentScript.bundle.js in Resources */,
				7A751B8E2BAEA7F8002D82D5 /* ex3.png in Resources */,
				7A751BAB2BAEA7F8002D82D5 /* roobert_light.woff2 in Resources */,
				7A751B962BAEA7F8002D82D5 /* icon-64-inactive.png in Resources */,
				7A751BA72BAEA7F8002D82D5 /* made_outer_sans_regular.woff2 in Resources */,
				7A751B972BAEA7F8002D82D5 /* icon-64.png in Resources */,
				7A751B9D2BAEA7F8002D82D5 /* unsupported.png in Resources */,
				7A751B982BAEA7F8002D82D5 /* icon-128-inactive.png in Resources */,
				7A751BAD2BAEA7F8002D82D5 /* roobert_regular.woff2 in Resources */,
				7A751B772BAEA7F8002D82D5 /* 6ad83effd3a7afb53a15.png in Resources */,
				7A751B7C2BAEA7F8002D82D5 /* 4bc562028354f5941b42.woff2 in Resources */,
				7A751B912BAEA7F8002D82D5 /* icon-16.png in Resources */,
				7A751BA32BAEA7F8002D82D5 /* made_outer_sans_black.woff2 in Resources */,
				7A751B852BAEA7F8002D82D5 /* 4b9e7d5f95a278e2d22e.woff2 in Resources */,
				7A751BA52BAEA7F8002D82D5 /* made_outer_sans_light.woff2 in Resources */,
				7A751B882BAEA7F8002D82D5 /* 85baf9766733d42bd24f.png in Resources */,
				7A751B8A2BAEA7F8002D82D5 /* popup.bundle.js in Resources */,
				7A751B822BAEA7F8002D82D5 /* 3cac30d2e914848c63db.woff2 in Resources */,
				7A751B8D2BAEA7F8002D82D5 /* fd9ddee319325e3c92c8.svg in Resources */,
				7A751B752BAEA7F8002D82D5 /* popup.html in Resources */,
				7A751B812BAEA7F8002D82D5 /* 172d496f570e066f9014.svg in Resources */,
				7A751BAE2BAEA7F8002D82D5 /* roobert_semibold.woff2 in Resources */,
				7A751B732BAEA7F8002D82D5 /* 90f90b13a872d0d174bb.woff2 in Resources */,
				7A751B992BAEA7F8002D82D5 /* icon-128.png in Resources */,
				7A751B8C2BAEA7F8002D82D5 /* 91e9869927d002aceb8c.svg in Resources */,
				7A751B8F2BAEA7F8002D82D5 /* how-to-extension.png in Resources */,
				7A751B832BAEA7F8002D82D5 /* 524b69ba6d9abb32f085.woff2 in Resources */,
				7A751B802BAEA7F8002D82D5 /* f97373ae92fbfbb95c50.woff2 in Resources */,
				7A751B952BAEA7F8002D82D5 /* icon-48.png in Resources */,
				7A751B792BAEA7F8002D82D5 /* 348776f0e67911f4f72e.svg in Resources */,
				7A751B9A2BAEA7F8002D82D5 /* icon.png in Resources */,
				7A751B8B2BAEA7F8002D82D5 /* 37a25a0d0c5d3aa200fe.svg in Resources */,
				7A751B7B2BAEA7F8002D82D5 /* ea61cbf130969ba96c8e.png in Resources */,
				7A751B7F2BAEA7F8002D82D5 /* 873f5272572749b65934.woff2 in Resources */,
			);
			runOnlyForDeploymentPostprocessing = 0;
		};
/* End PBXResourcesBuildPhase section */

/* Begin PBXSourcesBuildPhase section */
		5779C23C2A81CEB200575FF4 /* Sources */ = {
			isa = PBXSourcesBuildPhase;
			buildActionMask = 2147483647;
			files = (
				579B4D772A8D567C0023C03F /* Entity+CoreDataProperties.swift in Sources */,
				5779C2502A81CEB200575FF4 /* ViewController.swift in Sources */,
				579B4D782A8D567C0023C03F /* Entity+CoreDataClass.swift in Sources */,
				5779C2442A81CEB200575FF4 /* AppDelegate.swift in Sources */,
				579B4D762A8D56740023C03F /* RefermateStore.xcdatamodeld in Sources */,
			);
			runOnlyForDeploymentPostprocessing = 0;
		};
		5779C2582A81CEB300575FF4 /* Sources */ = {
			isa = PBXSourcesBuildPhase;
			buildActionMask = 2147483647;
			files = (
				5779C2612A81CEB300575FF4 /* RefermateTests.swift in Sources */,
			);
			runOnlyForDeploymentPostprocessing = 0;
		};
		5779C2622A81CEB300575FF4 /* Sources */ = {
			isa = PBXSourcesBuildPhase;
			buildActionMask = 2147483647;
			files = (
				5779C26D2A81CEB300575FF4 /* RefermateUITestsLaunchTests.swift in Sources */,
				5779C26B2A81CEB300575FF4 /* RefermateUITests.swift in Sources */,
			);
			runOnlyForDeploymentPostprocessing = 0;
		};
		7A75198E2BACFA0C002D82D5 /* Sources */ = {
			isa = PBXSourcesBuildPhase;
			buildActionMask = 2147483647;
			files = (
				7A7519952BACFA0C002D82D5 /* SafariWebExtensionHandler.swift in Sources */,
			);
			runOnlyForDeploymentPostprocessing = 0;
		};
/* End PBXSourcesBuildPhase section */

/* Begin PBXTargetDependency section */
		5779C25E2A81CEB300575FF4 /* PBXTargetDependency */ = {
			isa = PBXTargetDependency;
			target = 5779C23F2A81CEB200575FF4 /* Refermate */;
			targetProxy = 5779C25D2A81CEB300575FF4 /* PBXContainerItemProxy */;
		};
		5779C2682A81CEB300575FF4 /* PBXTargetDependency */ = {
			isa = PBXTargetDependency;
			target = 5779C23F2A81CEB200575FF4 /* Refermate */;
			targetProxy = 5779C2672A81CEB300575FF4 /* PBXContainerItemProxy */;
		};
		7A7519AA2BACFA0C002D82D5 /* PBXTargetDependency */ = {
			isa = PBXTargetDependency;
			target = 7A7519912BACFA0C002D82D5 /* Refermate Extension */;
			targetProxy = 7A7519A92BACFA0C002D82D5 /* PBXContainerItemProxy */;
		};
/* End PBXTargetDependency section */

/* Begin PBXVariantGroup section */
		5779C2462A81CEB200575FF4 /* Main.html */ = {
			isa = PBXVariantGroup;
			children = (
				5779C2472A81CEB200575FF4 /* Base */,
			);
			name = Main.html;
			sourceTree = "<group>";
		};
		5779C2512A81CEB200575FF4 /* Main.storyboard */ = {
			isa = PBXVariantGroup;
			children = (
				5779C2522A81CEB200575FF4 /* Base */,
			);
			name = Main.storyboard;
			sourceTree = "<group>";
		};
/* End PBXVariantGroup section */

/* Begin XCBuildConfiguration section */
		5779C2852A81CEB300575FF4 /* Debug */ = {
			isa = XCBuildConfiguration;
			buildSettings = {
				ALWAYS_SEARCH_USER_PATHS = NO;
				CLANG_ANALYZER_NONNULL = YES;
				CLANG_ANALYZER_NUMBER_OBJECT_CONVERSION = YES_AGGRESSIVE;
				CLANG_CXX_LANGUAGE_STANDARD = "gnu++20";
				CLANG_ENABLE_MODULES = YES;
				CLANG_ENABLE_OBJC_ARC = YES;
				CLANG_ENABLE_OBJC_WEAK = YES;
				CLANG_WARN_BLOCK_CAPTURE_AUTORELEASING = YES;
				CLANG_WARN_BOOL_CONVERSION = YES;
				CLANG_WARN_COMMA = YES;
				CLANG_WARN_CONSTANT_CONVERSION = YES;
				CLANG_WARN_DEPRECATED_OBJC_IMPLEMENTATIONS = YES;
				CLANG_WARN_DIRECT_OBJC_ISA_USAGE = YES_ERROR;
				CLANG_WARN_DOCUMENTATION_COMMENTS = YES;
				CLANG_WARN_EMPTY_BODY = YES;
				CLANG_WARN_ENUM_CONVERSION = YES;
				CLANG_WARN_INFINITE_RECURSION = YES;
				CLANG_WARN_INT_CONVERSION = YES;
				CLANG_WARN_NON_LITERAL_NULL_CONVERSION = YES;
				CLANG_WARN_OBJC_IMPLICIT_RETAIN_SELF = YES;
				CLANG_WARN_OBJC_LITERAL_CONVERSION = YES;
				CLANG_WARN_OBJC_ROOT_CLASS = YES_ERROR;
				CLANG_WARN_QUOTED_INCLUDE_IN_FRAMEWORK_HEADER = YES;
				CLANG_WARN_RANGE_LOOP_ANALYSIS = YES;
				CLANG_WARN_STRICT_PROTOTYPES = YES;
				CLANG_WARN_SUSPICIOUS_MOVE = YES;
				CLANG_WARN_UNGUARDED_AVAILABILITY = YES_AGGRESSIVE;
				CLANG_WARN_UNREACHABLE_CODE = YES;
				CLANG_WARN__DUPLICATE_METHOD_MATCH = YES;
				COPY_PHASE_STRIP = NO;
				DEBUG_INFORMATION_FORMAT = dwarf;
				ENABLE_STRICT_OBJC_MSGSEND = YES;
				ENABLE_TESTABILITY = YES;
				GCC_C_LANGUAGE_STANDARD = gnu11;
				GCC_DYNAMIC_NO_PIC = NO;
				GCC_NO_COMMON_BLOCKS = YES;
				GCC_OPTIMIZATION_LEVEL = 0;
				GCC_PREPROCESSOR_DEFINITIONS = (
					"DEBUG=1",
					"$(inherited)",
				);
				GCC_WARN_64_TO_32_BIT_CONVERSION = YES;
				GCC_WARN_ABOUT_RETURN_TYPE = YES_ERROR;
				GCC_WARN_UNDECLARED_SELECTOR = YES;
				GCC_WARN_UNINITIALIZED_AUTOS = YES_AGGRESSIVE;
				GCC_WARN_UNUSED_FUNCTION = YES;
				GCC_WARN_UNUSED_VARIABLE = YES;
				MACOSX_DEPLOYMENT_TARGET = 13.0;
				MTL_ENABLE_DEBUG_INFO = INCLUDE_SOURCE;
				MTL_FAST_MATH = YES;
				ONLY_ACTIVE_ARCH = YES;
				SDKROOT = macosx;
				SWIFT_ACTIVE_COMPILATION_CONDITIONS = DEBUG;
				SWIFT_OPTIMIZATION_LEVEL = "-Onone";
			};
			name = Debug;
		};
		5779C2862A81CEB300575FF4 /* Release */ = {
			isa = XCBuildConfiguration;
			buildSettings = {
				ALWAYS_SEARCH_USER_PATHS = NO;
				CLANG_ANALYZER_NONNULL = YES;
				CLANG_ANALYZER_NUMBER_OBJECT_CONVERSION = YES_AGGRESSIVE;
				CLANG_CXX_LANGUAGE_STANDARD = "gnu++20";
				CLANG_ENABLE_MODULES = YES;
				CLANG_ENABLE_OBJC_ARC = YES;
				CLANG_ENABLE_OBJC_WEAK = YES;
				CLANG_WARN_BLOCK_CAPTURE_AUTORELEASING = YES;
				CLANG_WARN_BOOL_CONVERSION = YES;
				CLANG_WARN_COMMA = YES;
				CLANG_WARN_CONSTANT_CONVERSION = YES;
				CLANG_WARN_DEPRECATED_OBJC_IMPLEMENTATIONS = YES;
				CLANG_WARN_DIRECT_OBJC_ISA_USAGE = YES_ERROR;
				CLANG_WARN_DOCUMENTATION_COMMENTS = YES;
				CLANG_WARN_EMPTY_BODY = YES;
				CLANG_WARN_ENUM_CONVERSION = YES;
				CLANG_WARN_INFINITE_RECURSION = YES;
				CLANG_WARN_INT_CONVERSION = YES;
				CLANG_WARN_NON_LITERAL_NULL_CONVERSION = YES;
				CLANG_WARN_OBJC_IMPLICIT_RETAIN_SELF = YES;
				CLANG_WARN_OBJC_LITERAL_CONVERSION = YES;
				CLANG_WARN_OBJC_ROOT_CLASS = YES_ERROR;
				CLANG_WARN_QUOTED_INCLUDE_IN_FRAMEWORK_HEADER = YES;
				CLANG_WARN_RANGE_LOOP_ANALYSIS = YES;
				CLANG_WARN_STRICT_PROTOTYPES = YES;
				CLANG_WARN_SUSPICIOUS_MOVE = YES;
				CLANG_WARN_UNGUARDED_AVAILABILITY = YES_AGGRESSIVE;
				CLANG_WARN_UNREACHABLE_CODE = YES;
				CLANG_WARN__DUPLICATE_METHOD_MATCH = YES;
				COPY_PHASE_STRIP = NO;
				DEBUG_INFORMATION_FORMAT = "dwarf-with-dsym";
				ENABLE_NS_ASSERTIONS = NO;
				ENABLE_STRICT_OBJC_MSGSEND = YES;
				GCC_C_LANGUAGE_STANDARD = gnu11;
				GCC_NO_COMMON_BLOCKS = YES;
				GCC_WARN_64_TO_32_BIT_CONVERSION = YES;
				GCC_WARN_ABOUT_RETURN_TYPE = YES_ERROR;
				GCC_WARN_UNDECLARED_SELECTOR = YES;
				GCC_WARN_UNINITIALIZED_AUTOS = YES_AGGRESSIVE;
				GCC_WARN_UNUSED_FUNCTION = YES;
				GCC_WARN_UNUSED_VARIABLE = YES;
				MACOSX_DEPLOYMENT_TARGET = 13.0;
				MTL_ENABLE_DEBUG_INFO = NO;
				MTL_FAST_MATH = YES;
				SDKROOT = macosx;
				SWIFT_COMPILATION_MODE = wholemodule;
				SWIFT_OPTIMIZATION_LEVEL = "-O";
			};
			name = Release;
		};
		5779C28C2A81CEB300575FF4 /* Debug */ = {
			isa = XCBuildConfiguration;
			buildSettings = {
				ALWAYS_EMBED_SWIFT_STANDARD_LIBRARIES = YES;
				ASSETCATALOG_COMPILER_APPICON_NAME = AppIcon;
				ASSETCATALOG_COMPILER_GLOBAL_ACCENT_COLOR_NAME = AccentColor;
				CODE_SIGN_ENTITLEMENTS = Refermate/Refermate.entitlements;
				CODE_SIGN_STYLE = Automatic;
				COMBINE_HIDPI_IMAGES = YES;
				CURRENT_PROJECT_VERSION = 1;
				DEVELOPMENT_TEAM = AAFZHH64X5;
				ENABLE_HARDENED_RUNTIME = YES;
				GENERATE_INFOPLIST_FILE = YES;
				INFOPLIST_FILE = Refermate/Info.plist;
				INFOPLIST_KEY_CFBundleDisplayName = Refermate;
				INFOPLIST_KEY_LSApplicationCategoryType = "public.app-category.shopping";
				INFOPLIST_KEY_NSHumanReadableCopyright = "";
				INFOPLIST_KEY_NSMainStoryboardFile = Main;
				INFOPLIST_KEY_NSPrincipalClass = NSApplication;
				LD_RUNPATH_SEARCH_PATHS = (
					"$(inherited)",
					"@executable_path/../Frameworks",
				);
				MACOSX_DEPLOYMENT_TARGET = 13.0;
				MARKETING_VERSION = 1.0;
				OTHER_LDFLAGS = (
					"-framework",
					SafariServices,
					"-framework",
					WebKit,
				);
				PRODUCT_BUNDLE_IDENTIFIER = com.refermate.macos;
				PRODUCT_NAME = "$(TARGET_NAME)";
				SWIFT_EMIT_LOC_STRINGS = YES;
				SWIFT_VERSION = 5.0;
			};
			name = Debug;
		};
		5779C28D2A81CEB300575FF4 /* Release */ = {
			isa = XCBuildConfiguration;
			buildSettings = {
				ALWAYS_EMBED_SWIFT_STANDARD_LIBRARIES = YES;
				ASSETCATALOG_COMPILER_APPICON_NAME = AppIcon;
				ASSETCATALOG_COMPILER_GLOBAL_ACCENT_COLOR_NAME = AccentColor;
				CODE_SIGN_ENTITLEMENTS = Refermate/Refermate.entitlements;
				CODE_SIGN_STYLE = Automatic;
				COMBINE_HIDPI_IMAGES = YES;
				CURRENT_PROJECT_VERSION = 1;
				DEVELOPMENT_TEAM = AAFZHH64X5;
				ENABLE_HARDENED_RUNTIME = YES;
				GENERATE_INFOPLIST_FILE = YES;
				INFOPLIST_FILE = Refermate/Info.plist;
				INFOPLIST_KEY_CFBundleDisplayName = Refermate;
				INFOPLIST_KEY_LSApplicationCategoryType = "public.app-category.shopping";
				INFOPLIST_KEY_NSHumanReadableCopyright = "";
				INFOPLIST_KEY_NSMainStoryboardFile = Main;
				INFOPLIST_KEY_NSPrincipalClass = NSApplication;
				LD_RUNPATH_SEARCH_PATHS = (
					"$(inherited)",
					"@executable_path/../Frameworks",
				);
				MACOSX_DEPLOYMENT_TARGET = 13.0;
				MARKETING_VERSION = 1.0;
				OTHER_LDFLAGS = (
					"-framework",
					SafariServices,
					"-framework",
					WebKit,
				);
				PRODUCT_BUNDLE_IDENTIFIER = com.refermate.macos;
				PRODUCT_NAME = "$(TARGET_NAME)";
				SWIFT_EMIT_LOC_STRINGS = YES;
				SWIFT_VERSION = 5.0;
			};
			name = Release;
		};
		5779C28F2A81CEB300575FF4 /* Debug */ = {
			isa = XCBuildConfiguration;
			buildSettings = {
				ALWAYS_EMBED_SWIFT_STANDARD_LIBRARIES = YES;
				BUNDLE_LOADER = "$(TEST_HOST)";
				CODE_SIGN_STYLE = Automatic;
				CURRENT_PROJECT_VERSION = 1;
				DEVELOPMENT_TEAM = AAFZHH64X5;
				GENERATE_INFOPLIST_FILE = YES;
				MACOSX_DEPLOYMENT_TARGET = 13.0;
				MARKETING_VERSION = 1.0;
				PRODUCT_BUNDLE_IDENTIFIER = com.refermate.macos.tests;
				PRODUCT_NAME = "$(TARGET_NAME)";
				SWIFT_EMIT_LOC_STRINGS = NO;
				SWIFT_VERSION = 5.0;
				TEST_HOST = "$(BUILT_PRODUCTS_DIR)/Refermate.app/$(BUNDLE_EXECUTABLE_FOLDER_PATH)/Refermate";
			};
			name = Debug;
		};
		5779C2902A81CEB300575FF4 /* Release */ = {
			isa = XCBuildConfiguration;
			buildSettings = {
				ALWAYS_EMBED_SWIFT_STANDARD_LIBRARIES = YES;
				BUNDLE_LOADER = "$(TEST_HOST)";
				CODE_SIGN_STYLE = Automatic;
				CURRENT_PROJECT_VERSION = 1;
				DEVELOPMENT_TEAM = AAFZHH64X5;
				GENERATE_INFOPLIST_FILE = YES;
				MACOSX_DEPLOYMENT_TARGET = 13.0;
				MARKETING_VERSION = 1.0;
				PRODUCT_BUNDLE_IDENTIFIER = com.refermate.macos.tests;
				PRODUCT_NAME = "$(TARGET_NAME)";
				SWIFT_EMIT_LOC_STRINGS = NO;
				SWIFT_VERSION = 5.0;
				TEST_HOST = "$(BUILT_PRODUCTS_DIR)/Refermate.app/$(BUNDLE_EXECUTABLE_FOLDER_PATH)/Refermate";
			};
			name = Release;
		};
		5779C2922A81CEB300575FF4 /* Debug */ = {
			isa = XCBuildConfiguration;
			buildSettings = {
				ALWAYS_EMBED_SWIFT_STANDARD_LIBRARIES = YES;
				CODE_SIGN_STYLE = Automatic;
				CURRENT_PROJECT_VERSION = 1;
				DEVELOPMENT_TEAM = AAFZHH64X5;
				GENERATE_INFOPLIST_FILE = YES;
				MACOSX_DEPLOYMENT_TARGET = 13.0;
				MARKETING_VERSION = 1.0;
				PRODUCT_BUNDLE_IDENTIFIER = com.refermate.macos.uitests;
				PRODUCT_NAME = "$(TARGET_NAME)";
				SWIFT_EMIT_LOC_STRINGS = NO;
				SWIFT_VERSION = 5.0;
				TEST_TARGET_NAME = Refermate;
			};
			name = Debug;
		};
		5779C2932A81CEB300575FF4 /* Release */ = {
			isa = XCBuildConfiguration;
			buildSettings = {
				ALWAYS_EMBED_SWIFT_STANDARD_LIBRARIES = YES;
				CODE_SIGN_STYLE = Automatic;
				CURRENT_PROJECT_VERSION = 1;
				DEVELOPMENT_TEAM = AAFZHH64X5;
				GENERATE_INFOPLIST_FILE = YES;
				MACOSX_DEPLOYMENT_TARGET = 13.0;
				MARKETING_VERSION = 1.0;
				PRODUCT_BUNDLE_IDENTIFIER = com.refermate.macos.uitests;
				PRODUCT_NAME = "$(TARGET_NAME)";
				SWIFT_EMIT_LOC_STRINGS = NO;
				SWIFT_VERSION = 5.0;
				TEST_TARGET_NAME = Refermate;
			};
			name = Release;
		};
		7A7519AD2BACFA0C002D82D5 /* Debug */ = {
			isa = XCBuildConfiguration;
			buildSettings = {
				ASSETCATALOG_COMPILER_GENERATE_SWIFT_ASSET_SYMBOL_EXTENSIONS = YES;
				CODE_SIGN_ENTITLEMENTS = "Refermate Extension/Refermate_Extension.entitlements";
				CODE_SIGN_STYLE = Automatic;
				CURRENT_PROJECT_VERSION = 1;
				DEVELOPMENT_TEAM = AAFZHH64X5;
				ENABLE_HARDENED_RUNTIME = YES;
				ENABLE_USER_SCRIPT_SANDBOXING = YES;
				GCC_C_LANGUAGE_STANDARD = gnu17;
				GENERATE_INFOPLIST_FILE = YES;
				INFOPLIST_FILE = "Refermate Extension/Info.plist";
				INFOPLIST_KEY_CFBundleDisplayName = "Refermate Extension";
				INFOPLIST_KEY_NSHumanReadableCopyright = "";
				LD_RUNPATH_SEARCH_PATHS = (
					"$(inherited)",
					"@executable_path/../Frameworks",
					"@executable_path/../../../../Frameworks",
				);
				LOCALIZATION_PREFERS_STRING_CATALOGS = YES;
				MACOSX_DEPLOYMENT_TARGET = 13.0;
				MARKETING_VERSION = 1.0;
				OTHER_LDFLAGS = (
					"-framework",
					SafariServices,
				);
				PRODUCT_BUNDLE_IDENTIFIER = com.refermate.macos.extension;
				PRODUCT_NAME = "$(TARGET_NAME)";
				SKIP_INSTALL = YES;
				SWIFT_ACTIVE_COMPILATION_CONDITIONS = "DEBUG $(inherited)";
				SWIFT_EMIT_LOC_STRINGS = YES;
				SWIFT_VERSION = 5.0;
			};
			name = Debug;
		};
		7A7519AE2BACFA0C002D82D5 /* Release */ = {
			isa = XCBuildConfiguration;
			buildSettings = {
				ASSETCATALOG_COMPILER_GENERATE_SWIFT_ASSET_SYMBOL_EXTENSIONS = YES;
				CODE_SIGN_ENTITLEMENTS = "Refermate Extension/Refermate_Extension.entitlements";
				CODE_SIGN_STYLE = Automatic;
				CURRENT_PROJECT_VERSION = 1;
				DEVELOPMENT_TEAM = AAFZHH64X5;
				ENABLE_HARDENED_RUNTIME = YES;
				ENABLE_USER_SCRIPT_SANDBOXING = YES;
				GCC_C_LANGUAGE_STANDARD = gnu17;
				GENERATE_INFOPLIST_FILE = YES;
				INFOPLIST_FILE = "Refermate Extension/Info.plist";
				INFOPLIST_KEY_CFBundleDisplayName = "Refermate Extension";
				INFOPLIST_KEY_NSHumanReadableCopyright = "";
				LD_RUNPATH_SEARCH_PATHS = (
					"$(inherited)",
					"@executable_path/../Frameworks",
					"@executable_path/../../../../Frameworks",
				);
				LOCALIZATION_PREFERS_STRING_CATALOGS = YES;
				MACOSX_DEPLOYMENT_TARGET = 13.0;
				MARKETING_VERSION = 1.0;
				OTHER_LDFLAGS = (
					"-framework",
					SafariServices,
				);
				PRODUCT_BUNDLE_IDENTIFIER = com.refermate.macos.extension;
				PRODUCT_NAME = "$(TARGET_NAME)";
				SKIP_INSTALL = YES;
				SWIFT_EMIT_LOC_STRINGS = YES;
				SWIFT_VERSION = 5.0;
			};
			name = Release;
		};
/* End XCBuildConfiguration section */

/* Begin XCConfigurationList section */
		5779C23B2A81CEB200575FF4 /* Build configuration list for PBXProject "Refermate" */ = {
			isa = XCConfigurationList;
			buildConfigurations = (
				5779C2852A81CEB300575FF4 /* Debug */,
				5779C2862A81CEB300575FF4 /* Release */,
			);
			defaultConfigurationIsVisible = 0;
			defaultConfigurationName = Release;
		};
		5779C28B2A81CEB300575FF4 /* Build configuration list for PBXNativeTarget "Refermate" */ = {
			isa = XCConfigurationList;
			buildConfigurations = (
				5779C28C2A81CEB300575FF4 /* Debug */,
				5779C28D2A81CEB300575FF4 /* Release */,
			);
			defaultConfigurationIsVisible = 0;
			defaultConfigurationName = Release;
		};
		5779C28E2A81CEB300575FF4 /* Build configuration list for PBXNativeTarget "RefermateTests" */ = {
			isa = XCConfigurationList;
			buildConfigurations = (
				5779C28F2A81CEB300575FF4 /* Debug */,
				5779C2902A81CEB300575FF4 /* Release */,
			);
			defaultConfigurationIsVisible = 0;
			defaultConfigurationName = Release;
		};
		5779C2912A81CEB300575FF4 /* Build configuration list for PBXNativeTarget "RefermateUITests" */ = {
			isa = XCConfigurationList;
			buildConfigurations = (
				5779C2922A81CEB300575FF4 /* Debug */,
				5779C2932A81CEB300575FF4 /* Release */,
			);
			defaultConfigurationIsVisible = 0;
			defaultConfigurationName = Release;
		};
		7A7519AC2BACFA0C002D82D5 /* Build configuration list for PBXNativeTarget "Refermate Extension" */ = {
			isa = XCConfigurationList;
			buildConfigurations = (
				7A7519AD2BACFA0C002D82D5 /* Debug */,
				7A7519AE2BACFA0C002D82D5 /* Release */,
			);
			defaultConfigurationIsVisible = 0;
			defaultConfigurationName = Release;
		};
/* End XCConfigurationList section */

/* Begin XCVersionGroup section */
		5779C2EC2A829A9700575FF4 /* RefermateStore.xcdatamodeld */ = {
			isa = XCVersionGroup;
			children = (
				5779C2ED2A829A9700575FF4 /* RefermateStore.xcdatamodel */,
			);
			currentVersion = 5779C2ED2A829A9700575FF4 /* RefermateStore.xcdatamodel */;
			path = RefermateStore.xcdatamodeld;
			sourceTree = "<group>";
			versionGroupType = wrapper.xcdatamodel;
		};
/* End XCVersionGroup section */
	};
	rootObject = 5779C2382A81CEB200575FF4 /* Project object */;
}
